
Microsoft Visual Studio Solution File, Format Version 12.00
# Visual Studio Version 16
VisualStudioVersion = 16.0.31624.102
MinimumVisualStudioVersion = 10.0.40219.1
Project("{FAE04EC0-301F-11D3-BF4B-00C04F79EFBC}") = "DXWebApplication1", "DXWebApplication1.csproj", "{663F77E8-A9AB-43FC-80DC-2B7376682545}"
EndProject
Global
	GlobalSection(SolutionConfigurationPlatforms) = preSolution
		Debug|Any CPU = Debug|Any CPU
		Release|Any CPU = Release|Any CPU
	EndGlobalSection
	GlobalSection(ProjectConfigurationPlatforms) = postSolution
		{663F77E8-A9AB-43FC-80DC-2B7376682545}.Debug|Any CPU.ActiveCfg = Debug|Any CPU
		{663F77E8-A9AB-43FC-80DC-2B7376682545}.Debug|Any CPU.Build.0 = Debug|Any CPU
		{663F77E8-A9AB-43FC-80DC-2B7376682545}.Release|Any CPU.ActiveCfg = Release|Any CPU
		{663F77E8-A9AB-43FC-80DC-2B7376682545}.Release|Any CPU.Build.0 = Release|Any CPU
	EndGlobalSection
	GlobalSection(SolutionProperties) = preSolution
		HideSolutionNode = FALSE
	EndGlobalSection
	GlobalSection(ExtensibilityGlobals) = postSolution
		SolutionGuid = {FB1318CC-FCB8-4914-9E59-5291B96F0B69}
	EndGlobalSection
EndGlobal
